
Microsoft Visual Studio Solution File, Format Version 12.00
# Visual Studio Version 17
VisualStudioVersion = 17.10.35122.118
MinimumVisualStudioVersion = 10.0.40219.1
Project("{9A19103F-16F7-4668-BE54-9A1E7A4F7556}") = "WebAppUI", "Lab-PagingSortinSearching\WebAppUI.csproj", "{65A3AEA2-227B-4C5D-AE50-C904723E802E}"
EndProject
Project("{9A19103F-16F7-4668-BE54-9A1E7A4F7556}") = "DAL", "DAL\DAL.csproj", "{07CB93B8-ECF5-47A2-A141-E3343847F459}"
EndProject
Global
	GlobalSection(SolutionConfigurationPlatforms) = preSolution
		Debug|Any CPU = Debug|Any CPU
		Release|Any CPU = Release|Any CPU
	EndGlobalSection
	GlobalSection(ProjectConfigurationPlatforms) = postSolution
		{65A3AEA2-227B-4C5D-AE50-C904723E802E}.Debug|Any CPU.ActiveCfg = Debug|Any CPU
		{65A3AEA2-227B-4C5D-AE50-C904723E802E}.Debug|Any CPU.Build.0 = Debug|Any CPU
		{65A3AEA2-227B-4C5D-AE50-C904723E802E}.Release|Any CPU.ActiveCfg = Release|Any CPU
		{65A3AEA2-227B-4C5D-AE50-C904723E802E}.Release|Any CPU.Build.0 = Release|Any CPU
		{07CB93B8-ECF5-47A2-A141-E3343847F459}.Debug|Any CPU.ActiveCfg = Debug|Any CPU
		{07CB93B8-ECF5-47A2-A141-E3343847F459}.Debug|Any CPU.Build.0 = Debug|Any CPU
		{07CB93B8-ECF5-47A2-A141-E3343847F459}.Release|Any CPU.ActiveCfg = Release|Any CPU
		{07CB93B8-ECF5-47A2-A141-E3343847F459}.Release|Any CPU.Build.0 = Release|Any CPU
	EndGlobalSection
	GlobalSection(SolutionProperties) = preSolution
		HideSolutionNode = FALSE
	EndGlobalSection
	GlobalSection(ExtensibilityGlobals) = postSolution
		SolutionGuid = {7CA3AB2B-BD8B-41D1-8712-E3A7B61130CF}
	EndGlobalSection
EndGlobal
